Microsoft Visual Studio Solution File, Format Version 12.00
# Visual Studio 15
VisualStudioVersion = 15.0.26430.14
MinimumVisualStudioVersion = 10.0.40219.1
Project("{FAE04EC0-301F-11D3-BF4B-00C04F79EFBC}") = "CypressTestAPI.Standard", "CypressTestAPI.Standard/CypressTestAPI.Standard.csproj", "{a1adfba4-11fb-4336-8a43-ffc8986084f3}"
EndProject
Project("{FAE04EC0-301F-11D3-BF4B-00C04F79EFBC}") = "CypressTestAPI.Tests", "CypressTestAPI.Tests/CypressTestAPI.Tests.csproj", "{7a5b8b94-d732-438a-a710-e5e583a7d12b}"
EndProject
Global
    GlobalSection(SolutionConfigurationPlatforms) = preSolution
        Debug|Any CPU = Debug|Any CPU
        Release|Any CPU = Release|Any CPU
    EndGlobalSection
    GlobalSection(ProjectConfigurationPlatforms) = postSolution
        {a1adfba4-11fb-4336-8a43-ffc8986084f3}.Debug|Any CPU.ActiveCfg = Debug|Any CPU
        {a1adfba4-11fb-4336-8a43-ffc8986084f3}.Debug|Any CPU.Build.0 = Debug|Any CPU
        {a1adfba4-11fb-4336-8a43-ffc8986084f3}.Release|Any CPU.ActiveCfg = Release|Any CPU
        {a1adfba4-11fb-4336-8a43-ffc8986084f3}.Release|Any CPU.Build.0 = Release|Any CPU
        {7a5b8b94-d732-438a-a710-e5e583a7d12b}.Debug|Any CPU.ActiveCfg = Debug|Any CPU
        {7a5b8b94-d732-438a-a710-e5e583a7d12b}.Debug|Any CPU.Build.0 = Debug|Any CPU
        {7a5b8b94-d732-438a-a710-e5e583a7d12b}.Release|Any CPU.ActiveCfg = Release|Any CPU
        {7a5b8b94-d732-438a-a710-e5e583a7d12b}.Release|Any CPU.Build.0 = Release|Any CPU
    EndGlobalSection
    GlobalSection(SolutionProperties) = preSolution
        HideSolutionNode = FALSE
    EndGlobalSection
EndGlobal
